
Microsoft Visual Studio Solution File, Format Version 12.00
# Visual Studio Version 17
VisualStudioVersion = 17.11.35219.272
MinimumVisualStudioVersion = 10.0.40219.1
Project("{9A19103F-16F7-4668-BE54-9A1E7A4F7556}") = "Project", "Project.csproj", "{D3DE05F6-BB9D-487E-A794-0AEB17F4103B}"
EndProject
Global
	GlobalSection(SolutionConfigurationPlatforms) = preSolution
		Debug|Any CPU = Debug|Any CPU
		Release|Any CPU = Release|Any CPU
	EndGlobalSection
	GlobalSection(ProjectConfigurationPlatforms) = postSolution
		{D3DE05F6-BB9D-487E-A794-0AEB17F4103B}.Debug|Any CPU.ActiveCfg = Debug|Any CPU
		{D3DE05F6-BB9D-487E-A794-0AEB17F4103B}.Debug|Any CPU.Build.0 = Debug|Any CPU
		{D3DE05F6-BB9D-487E-A794-0AEB17F4103B}.Release|Any CPU.ActiveCfg = Release|Any CPU
		{D3DE05F6-BB9D-487E-A794-0AEB17F4103B}.Release|Any CPU.Build.0 = Release|Any CPU
	EndGlobalSection
	GlobalSection(SolutionProperties) = preSolution
		HideSolutionNode = FALSE
	EndGlobalSection
	GlobalSection(ExtensibilityGlobals) = postSolution
		SolutionGuid = {F514A30E-C55D-42A0-8EF2-C3F8C83D2518}
	EndGlobalSection
EndGlobal
