
Microsoft Visual Studio Solution File, Format Version 12.00
# Visual Studio Version 17
VisualStudioVersion = 17.11.35219.272
MinimumVisualStudioVersion = 10.0.40219.1
Project("{FAE04EC0-301F-11D3-BF4B-00C04F79EFBC}") = "BaiKiemTra02", "BaiKiemTra02.csproj", "{6EC3FFAC-25CD-41CD-93B2-D837B99DBA0C}"
EndProject
Global
	GlobalSection(SolutionConfigurationPlatforms) = preSolution
		Debug|Any CPU = Debug|Any CPU
		Release|Any CPU = Release|Any CPU
	EndGlobalSection
	GlobalSection(ProjectConfigurationPlatforms) = postSolution
		{6EC3FFAC-25CD-41CD-93B2-D837B99DBA0C}.Debug|Any CPU.ActiveCfg = Debug|Any CPU
		{6EC3FFAC-25CD-41CD-93B2-D837B99DBA0C}.Debug|Any CPU.Build.0 = Debug|Any CPU
		{6EC3FFAC-25CD-41CD-93B2-D837B99DBA0C}.Release|Any CPU.ActiveCfg = Release|Any CPU
		{6EC3FFAC-25CD-41CD-93B2-D837B99DBA0C}.Release|Any CPU.Build.0 = Release|Any CPU
	EndGlobalSection
	GlobalSection(SolutionProperties) = preSolution
		HideSolutionNode = FALSE
	EndGlobalSection
	GlobalSection(ExtensibilityGlobals) = postSolution
		SolutionGuid = {B2D8AC04-4128-4DC8-BDC8-569FE6E53891}
	EndGlobalSection
EndGlobal
