
Microsoft Visual Studio Solution File, Format Version 12.00
# Visual Studio Version 17
VisualStudioVersion = 17.11.35219.272
MinimumVisualStudioVersion = 10.0.40219.1
Project("{FAE04EC0-301F-11D3-BF4B-00C04F79EFBC}") = "BaiTap04", "BaiTap04.csproj", "{04B52659-D8B4-4F49-9A3C-C9764E45968B}"
EndProject
Global
	GlobalSection(SolutionConfigurationPlatforms) = preSolution
		Debug|Any CPU = Debug|Any CPU
		Release|Any CPU = Release|Any CPU
	EndGlobalSection
	GlobalSection(ProjectConfigurationPlatforms) = postSolution
		{04B52659-D8B4-4F49-9A3C-C9764E45968B}.Debug|Any CPU.ActiveCfg = Debug|Any CPU
		{04B52659-D8B4-4F49-9A3C-C9764E45968B}.Debug|Any CPU.Build.0 = Debug|Any CPU
		{04B52659-D8B4-4F49-9A3C-C9764E45968B}.Release|Any CPU.ActiveCfg = Release|Any CPU
		{04B52659-D8B4-4F49-9A3C-C9764E45968B}.Release|Any CPU.Build.0 = Release|Any CPU
	EndGlobalSection
	GlobalSection(SolutionProperties) = preSolution
		HideSolutionNode = FALSE
	EndGlobalSection
	GlobalSection(ExtensibilityGlobals) = postSolution
		SolutionGuid = {0E575076-8D50-48DF-B265-30DBFDD1E759}
	EndGlobalSection
EndGlobal
